// !$*UTF8*$!
{
	archiveVersion = 1;
	classes = {
	};
	objectVersion = 56;
	objects = {

/* Begin PBXBuildFile section */
		474EA8C82C1ADC6700609B5C /* TabBar.swift in Sources */ = {isa = PBXBuildFile; fileRef = 474EA8C72C1ADC6700609B5C /* TabBar.swift */; };
		474EA8CC2C1ADD3500609B5C /* TabBarViewModel.swift in Sources */ = {isa = PBXBuildFile; fileRef = 474EA8CB2C1ADD3500609B5C /* TabBarViewModel.swift */; };
		474EA8CE2C1ADD4A00609B5C /* TabBarCustomView.swift in Sources */ = {isa = PBXBuildFile; fileRef = 474EA8CD2C1ADD4A00609B5C /* TabBarCustomView.swift */; };
		474EC7ED2C175FE40090FAC4 /* AppDelegate.swift in Sources */ = {isa = PBXBuildFile; fileRef = 474EC7EC2C175FE40090FAC4 /* AppDelegate.swift */; };
		474EC7EF2C175FE40090FAC4 /* SceneDelegate.swift in Sources */ = {isa = PBXBuildFile; fileRef = 474EC7EE2C175FE40090FAC4 /* SceneDelegate.swift */; };
		474EC7F12C175FE40090FAC4 /* ViewController.swift in Sources */ = {isa = PBXBuildFile; fileRef = 474EC7F02C175FE40090FAC4 /* ViewController.swift */; };
		474EC7F62C175FE60090FAC4 /* Assets.xcassets in Resources */ = {isa = PBXBuildFile; fileRef = 474EC7F52C175FE60090FAC4 /* Assets.xcassets */; };
		474EC7F92C175FE60090FAC4 /* LaunchScreen.storyboard in Resources */ = {isa = PBXBuildFile; fileRef = 474EC7F72C175FE60090FAC4 /* LaunchScreen.storyboard */; };
		474EC8022C1760370090FAC4 /* ContentView.swift in Sources */ = {isa = PBXBuildFile; fileRef = 474EC8012C1760370090FAC4 /* ContentView.swift */; };
		474EC8042C1763D40090FAC4 /* swiftgen.yml in Resources */ = {isa = PBXBuildFile; fileRef = 474EC8032C1763D40090FAC4 /* swiftgen.yml */; };
		474EC81D2C1763E80090FAC4 /* Images.xcassets in Resources */ = {isa = PBXBuildFile; fileRef = 474EC8072C1763E80090FAC4 /* Images.xcassets */; };
		474EC81E2C1763E80090FAC4 /* Images.generated.swift in Sources */ = {isa = PBXBuildFile; fileRef = 474EC8082C1763E80090FAC4 /* Images.generated.swift */; };
		474EC81F2C1763E80090FAC4 /* Colors.xcassets in Resources */ = {isa = PBXBuildFile; fileRef = 474EC80A2C1763E80090FAC4 /* Colors.xcassets */; };
		474EC8202C1763E80090FAC4 /* Colors.generated.swift in Sources */ = {isa = PBXBuildFile; fileRef = 474EC80B2C1763E80090FAC4 /* Colors.generated.swift */; };
		474EC8252C1763E80090FAC4 /* Fonts.generated.swift in Sources */ = {isa = PBXBuildFile; fileRef = 474EC8112C1763E80090FAC4 /* Fonts.generated.swift */; };
		474EC82E2C1763E80090FAC4 /* Strings.generated.swift in Sources */ = {isa = PBXBuildFile; fileRef = 474EC81B2C1763E80090FAC4 /* Strings.generated.swift */; };
		474EC82F2C1763E80090FAC4 /* Localizable.strings in Resources */ = {isa = PBXBuildFile; fileRef = 474EC81C2C1763E80090FAC4 /* Localizable.strings */; };
		474EC83D2C176B470090FAC4 /* PreloaderView.swift in Sources */ = {isa = PBXBuildFile; fileRef = 474EC83C2C176B460090FAC4 /* PreloaderView.swift */; };
		474EC83F2C176B4E0090FAC4 /* PreloaderViewModel.swift in Sources */ = {isa = PBXBuildFile; fileRef = 474EC83E2C176B4E0090FAC4 /* PreloaderViewModel.swift */; };
		474EC8652C1A06C50090FAC4 /* DefaultsService.swift in Sources */ = {isa = PBXBuildFile; fileRef = 474EC8622C1A06C50090FAC4 /* DefaultsService.swift */; };
		474EC8662C1A06C50090FAC4 /* FileManagerService.swift in Sources */ = {isa = PBXBuildFile; fileRef = 474EC8642C1A06C50090FAC4 /* FileManagerService.swift */; };
		474EC8682C1A07400090FAC4 /* ContentViewModel.swift in Sources */ = {isa = PBXBuildFile; fileRef = 474EC8672C1A07400090FAC4 /* ContentViewModel.swift */; };
		474EC86B2C1A08B80090FAC4 /* OnboardingView.swift in Sources */ = {isa = PBXBuildFile; fileRef = 474EC86A2C1A08B80090FAC4 /* OnboardingView.swift */; };
		474EC86D2C1A08C00090FAC4 /* OnboardingViewModel.swift in Sources */ = {isa = PBXBuildFile; fileRef = 474EC86C2C1A08C00090FAC4 /* OnboardingViewModel.swift */; };
		474EC86F2C1A0AF50090FAC4 /* OnboardingViewTabView.swift in Sources */ = {isa = PBXBuildFile; fileRef = 474EC86E2C1A0AF50090FAC4 /* OnboardingViewTabView.swift */; };
		474EC8742C1A0DDC0090FAC4 /* BlueButton.swift in Sources */ = {isa = PBXBuildFile; fileRef = 474EC8732C1A0DDC0090FAC4 /* BlueButton.swift */; };
		474EC8772C1A0EC80090FAC4 /* View+Additions.swift in Sources */ = {isa = PBXBuildFile; fileRef = 474EC8762C1A0EC80090FAC4 /* View+Additions.swift */; };
		474EC87B2C1A11870090FAC4 /* SwiftUIViewWebView.swift in Sources */ = {isa = PBXBuildFile; fileRef = 474EC87A2C1A11870090FAC4 /* SwiftUIViewWebView.swift */; };
/* End PBXBuildFile section */

/* Begin PBXFileReference section */
		474EA8C72C1ADC6700609B5C /* TabBar.swift */ = {isa = PBXFileReference; lastKnownFileType = sourcecode.swift; path = TabBar.swift; sourceTree = "<group>"; };
		474EA8CB2C1ADD3500609B5C /* TabBarViewModel.swift */ = {isa = PBXFileReference; lastKnownFileType = sourcecode.swift; path = TabBarViewModel.swift; sourceTree = "<group>"; };
		474EA8CD2C1ADD4A00609B5C /* TabBarCustomView.swift */ = {isa = PBXFileReference; lastKnownFileType = sourcecode.swift; path = TabBarCustomView.swift; sourceTree = "<group>"; };
		474EC7E92C175FE40090FAC4 /* Goobeltoin.app */ = {isa = PBXFileReference; explicitFileType = wrapper.application; includeInIndex = 0; path = Goobeltoin.app; sourceTree = BUILT_PRODUCTS_DIR; };
		474EC7EC2C175FE40090FAC4 /* AppDelegate.swift */ = {isa = PBXFileReference; lastKnownFileType = sourcecode.swift; path = AppDelegate.swift; sourceTree = "<group>"; };
		474EC7EE2C175FE40090FAC4 /* SceneDelegate.swift */ = {isa = PBXFileReference; lastKnownFileType = sourcecode.swift; path = SceneDelegate.swift; sourceTree = "<group>"; };
		474EC7F02C175FE40090FAC4 /* ViewController.swift */ = {isa = PBXFileReference; lastKnownFileType = sourcecode.swift; path = ViewController.swift; sourceTree = "<group>"; };
		474EC7F52C175FE60090FAC4 /* Assets.xcassets */ = {isa = PBXFileReference; lastKnownFileType = folder.assetcatalog; path = Assets.xcassets; sourceTree = "<group>"; };
		474EC7F82C175FE60090FAC4 /* Base */ = {isa = PBXFileReference; lastKnownFileType = file.storyboard; name = Base; path = Base.lproj/LaunchScreen.storyboard; sourceTree = "<group>"; };
		474EC7FA2C175FE60090FAC4 /* Info.plist */ = {isa = PBXFileReference; lastKnownFileType = text.plist.xml; path = Info.plist; sourceTree = "<group>"; };
		474EC8012C1760370090FAC4 /* ContentView.swift */ = {isa = PBXFileReference; lastKnownFileType = sourcecode.swift; path = ContentView.swift; sourceTree = "<group>"; };
		474EC8032C1763D40090FAC4 /* swiftgen.yml */ = {isa = PBXFileReference; fileEncoding = 4; lastKnownFileType = text.yaml; path = swiftgen.yml; sourceTree = "<group>"; };
		474EC8072C1763E80090FAC4 /* Images.xcassets */ = {isa = PBXFileReference; lastKnownFileType = folder.assetcatalog; path = Images.xcassets; sourceTree = "<group>"; };
		474EC8082C1763E80090FAC4 /* Images.generated.swift */ = {isa = PBXFileReference; fileEncoding = 4; lastKnownFileType = sourcecode.swift; path = Images.generated.swift; sourceTree = "<group>"; };
		474EC80A2C1763E80090FAC4 /* Colors.xcassets */ = {isa = PBXFileReference; lastKnownFileType = folder.assetcatalog; path = Colors.xcassets; sourceTree = "<group>"; };
		474EC80B2C1763E80090FAC4 /* Colors.generated.swift */ = {isa = PBXFileReference; fileEncoding = 4; lastKnownFileType = sourcecode.swift; path = Colors.generated.swift; sourceTree = "<group>"; };
		474EC8112C1763E80090FAC4 /* Fonts.generated.swift */ = {isa = PBXFileReference; fileEncoding = 4; lastKnownFileType = sourcecode.swift; path = Fonts.generated.swift; sourceTree = "<group>"; };
		474EC81B2C1763E80090FAC4 /* Strings.generated.swift */ = {isa = PBXFileReference; fileEncoding = 4; lastKnownFileType = sourcecode.swift; path = Strings.generated.swift; sourceTree = "<group>"; };
		474EC81C2C1763E80090FAC4 /* Localizable.strings */ = {isa = PBXFileReference; fileEncoding = 4; lastKnownFileType = text.plist.strings; path = Localizable.strings; sourceTree = "<group>"; };
		474EC8302C1764720090FAC4 /* SFPRODISPLAYULTRALIGHTITALIC.OTF */ = {isa = PBXFileReference; lastKnownFileType = file; path = SFPRODISPLAYULTRALIGHTITALIC.OTF; sourceTree = "<group>"; };
		474EC8312C1764720090FAC4 /* SFPRODISPLAYHEAVYITALIC.OTF */ = {isa = PBXFileReference; lastKnownFileType = file; path = SFPRODISPLAYHEAVYITALIC.OTF; sourceTree = "<group>"; };
		474EC8322C1764720090FAC4 /* SFPRODISPLAYBLACKITALIC.OTF */ = {isa = PBXFileReference; lastKnownFileType = file; path = SFPRODISPLAYBLACKITALIC.OTF; sourceTree = "<group>"; };
		474EC8332C1764730090FAC4 /* SFPRODISPLAYMEDIUM.OTF */ = {isa = PBXFileReference; lastKnownFileType = file; path = SFPRODISPLAYMEDIUM.OTF; sourceTree = "<group>"; };
		474EC8342C1764730090FAC4 /* SFPRODISPLAYTHINITALIC.OTF */ = {isa = PBXFileReference; lastKnownFileType = file; path = SFPRODISPLAYTHINITALIC.OTF; sourceTree = "<group>"; };
		474EC8352C1764730090FAC4 /* SFPRODISPLAYBOLD.OTF */ = {isa = PBXFileReference; lastKnownFileType = file; path = SFPRODISPLAYBOLD.OTF; sourceTree = "<group>"; };
		474EC8362C1764730090FAC4 /* SFPRODISPLAYREGULAR.OTF */ = {isa = PBXFileReference; lastKnownFileType = file; path = SFPRODISPLAYREGULAR.OTF; sourceTree = "<group>"; };
		474EC8372C1764730090FAC4 /* SFPRODISPLAYLIGHTITALIC.OTF */ = {isa = PBXFileReference; lastKnownFileType = file; path = SFPRODISPLAYLIGHTITALIC.OTF; sourceTree = "<group>"; };
		474EC8382C1764730090FAC4 /* SFPRODISPLAYSEMIBOLDITALIC.OTF */ = {isa = PBXFileReference; lastKnownFileType = file; path = SFPRODISPLAYSEMIBOLDITALIC.OTF; sourceTree = "<group>"; };
		474EC83C2C176B460090FAC4 /* PreloaderView.swift */ = {isa = PBXFileReference; lastKnownFileType = sourcecode.swift; path = PreloaderView.swift; sourceTree = "<group>"; };
		474EC83E2C176B4E0090FAC4 /* PreloaderViewModel.swift */ = {isa = PBXFileReference; lastKnownFileType = sourcecode.swift; path = PreloaderViewModel.swift; sourceTree = "<group>"; };
		474EC8622C1A06C50090FAC4 /* DefaultsService.swift */ = {isa = PBXFileReference; fileEncoding = 4; lastKnownFileType = sourcecode.swift; path = DefaultsService.swift; sourceTree = "<group>"; };
		474EC8642C1A06C50090FAC4 /* FileManagerService.swift */ = {isa = PBXFileReference; fileEncoding = 4; lastKnownFileType = sourcecode.swift; path = FileManagerService.swift; sourceTree = "<group>"; };
		474EC8672C1A07400090FAC4 /* ContentViewModel.swift */ = {isa = PBXFileReference; lastKnownFileType = sourcecode.swift; path = ContentViewModel.swift; sourceTree = "<group>"; };
		474EC86A2C1A08B80090FAC4 /* OnboardingView.swift */ = {isa = PBXFileReference; lastKnownFileType = sourcecode.swift; path = OnboardingView.swift; sourceTree = "<group>"; };
		474EC86C2C1A08C00090FAC4 /* OnboardingViewModel.swift */ = {isa = PBXFileReference; lastKnownFileType = sourcecode.swift; path = OnboardingViewModel.swift; sourceTree = "<group>"; };
		474EC86E2C1A0AF50090FAC4 /* OnboardingViewTabView.swift */ = {isa = PBXFileReference; lastKnownFileType = sourcecode.swift; path = OnboardingViewTabView.swift; sourceTree = "<group>"; };
		474EC8732C1A0DDC0090FAC4 /* BlueButton.swift */ = {isa = PBXFileReference; lastKnownFileType = sourcecode.swift; path = BlueButton.swift; sourceTree = "<group>"; };
		474EC8762C1A0EC80090FAC4 /* View+Additions.swift */ = {isa = PBXFileReference; fileEncoding = 4; lastKnownFileType = sourcecode.swift; path = "View+Additions.swift"; sourceTree = "<group>"; };
		474EC87A2C1A11870090FAC4 /* SwiftUIViewWebView.swift */ = {isa = PBXFileReference; fileEncoding = 4; lastKnownFileType = sourcecode.swift; path = SwiftUIViewWebView.swift; sourceTree = "<group>"; };
/* End PBXFileReference section */

/* Begin PBXFrameworksBuildPhase section */
		474EC7E62C175FE40090FAC4 /* Frameworks */ = {
			isa = PBXFrameworksBuildPhase;
			buildActionMask = 2147483647;
			files = (
			);
			runOnlyForDeploymentPostprocessing = 0;
		};
/* End PBXFrameworksBuildPhase section */

/* Begin PBXGroup section */
		474EA8C62C1ADC2700609B5C /* TabBar */ = {
			isa = PBXGroup;
			children = (
				474EA8C72C1ADC6700609B5C /* TabBar.swift */,
				474EA8CB2C1ADD3500609B5C /* TabBarViewModel.swift */,
				474EA8CD2C1ADD4A00609B5C /* TabBarCustomView.swift */,
			);
			path = TabBar;
			sourceTree = "<group>";
		};
		474EC7E02C175FE40090FAC4 = {
			isa = PBXGroup;
			children = (
				474EC8032C1763D40090FAC4 /* swiftgen.yml */,
				474EC7EB2C175FE40090FAC4 /* Goobeltoin */,
				474EC7EA2C175FE40090FAC4 /* Products */,
			);
			sourceTree = "<group>";
		};
		474EC7EA2C175FE40090FAC4 /* Products */ = {
			isa = PBXGroup;
			children = (
				474EC7E92C175FE40090FAC4 /* Goobeltoin.app */,
			);
			name = Products;
			sourceTree = "<group>";
		};
		474EC7EB2C175FE40090FAC4 /* Goobeltoin */ = {
			isa = PBXGroup;
			children = (
				474EC8752C1A0EB30090FAC4 /* Extensions */,
				474EC8602C1A06C50090FAC4 /* Services */,
				474EC8002C1760180090FAC4 /* App */,
				474EC8402C176FDD0090FAC4 /* Helpers */,
				474EC83A2C176B2F0090FAC4 /* Units */,
				474EC8052C1763E80090FAC4 /* Resources */,
				474EC7F52C175FE60090FAC4 /* Assets.xcassets */,
				474EC7F72C175FE60090FAC4 /* LaunchScreen.storyboard */,
				474EC7FA2C175FE60090FAC4 /* Info.plist */,
			);
			path = Goobeltoin;
			sourceTree = "<group>";
		};
		474EC8002C1760180090FAC4 /* App */ = {
			isa = PBXGroup;
			children = (
				474EC7EC2C175FE40090FAC4 /* AppDelegate.swift */,
				474EC7EE2C175FE40090FAC4 /* SceneDelegate.swift */,
				474EC7F02C175FE40090FAC4 /* ViewController.swift */,
				474EC8012C1760370090FAC4 /* ContentView.swift */,
				474EC8672C1A07400090FAC4 /* ContentViewModel.swift */,
			);
			path = App;
			sourceTree = "<group>";
		};
		474EC8052C1763E80090FAC4 /* Resources */ = {
			isa = PBXGroup;
			children = (
				474EC8062C1763E80090FAC4 /* Images */,
				474EC8092C1763E80090FAC4 /* Colors */,
				474EC80C2C1763E80090FAC4 /* Fonts */,
				474EC81A2C1763E80090FAC4 /* Localization */,
			);
			path = Resources;
			sourceTree = "<group>";
		};
		474EC8062C1763E80090FAC4 /* Images */ = {
			isa = PBXGroup;
			children = (
				474EC8072C1763E80090FAC4 /* Images.xcassets */,
				474EC8082C1763E80090FAC4 /* Images.generated.swift */,
			);
			path = Images;
			sourceTree = "<group>";
		};
		474EC8092C1763E80090FAC4 /* Colors */ = {
			isa = PBXGroup;
			children = (
				474EC80A2C1763E80090FAC4 /* Colors.xcassets */,
				474EC80B2C1763E80090FAC4 /* Colors.generated.swift */,
			);
			path = Colors;
			sourceTree = "<group>";
		};
		474EC80C2C1763E80090FAC4 /* Fonts */ = {
			isa = PBXGroup;
			children = (
				474EC8322C1764720090FAC4 /* SFPRODISPLAYBLACKITALIC.OTF */,
				474EC8352C1764730090FAC4 /* SFPRODISPLAYBOLD.OTF */,
				474EC8312C1764720090FAC4 /* SFPRODISPLAYHEAVYITALIC.OTF */,
				474EC8372C1764730090FAC4 /* SFPRODISPLAYLIGHTITALIC.OTF */,
				474EC8332C1764730090FAC4 /* SFPRODISPLAYMEDIUM.OTF */,
				474EC8362C1764730090FAC4 /* SFPRODISPLAYREGULAR.OTF */,
				474EC8382C1764730090FAC4 /* SFPRODISPLAYSEMIBOLDITALIC.OTF */,
				474EC8342C1764730090FAC4 /* SFPRODISPLAYTHINITALIC.OTF */,
				474EC8302C1764720090FAC4 /* SFPRODISPLAYULTRALIGHTITALIC.OTF */,
				474EC8112C1763E80090FAC4 /* Fonts.generated.swift */,
			);
			path = Fonts;
			sourceTree = "<group>";
		};
		474EC81A2C1763E80090FAC4 /* Localization */ = {
			isa = PBXGroup;
			children = (
				474EC81B2C1763E80090FAC4 /* Strings.generated.swift */,
				474EC81C2C1763E80090FAC4 /* Localizable.strings */,
			);
			path = Localization;
			sourceTree = "<group>";
		};
		474EC83A2C176B2F0090FAC4 /* Units */ = {
			isa = PBXGroup;
			children = (
				474EA8C62C1ADC2700609B5C /* TabBar */,
				474EC83B2C176B340090FAC4 /* Preloader */,
				474EC8692C1A08780090FAC4 /* Onboarding */,
			);
			path = Units;
			sourceTree = "<group>";
		};
		474EC83B2C176B340090FAC4 /* Preloader */ = {
			isa = PBXGroup;
			children = (
				474EC83C2C176B460090FAC4 /* PreloaderView.swift */,
				474EC83E2C176B4E0090FAC4 /* PreloaderViewModel.swift */,
			);
			path = Preloader;
			sourceTree = "<group>";
		};
		474EC8402C176FDD0090FAC4 /* Helpers */ = {
			isa = PBXGroup;
			children = (
				474EC8722C1A0DCA0090FAC4 /* Views */,
			);
			path = Helpers;
			sourceTree = "<group>";
		};
		474EC8602C1A06C50090FAC4 /* Services */ = {
			isa = PBXGroup;
			children = (
				474EC8612C1A06C50090FAC4 /* Defaults */,
				474EC8632C1A06C50090FAC4 /* FileManager */,
			);
			path = Services;
			sourceTree = "<group>";
		};
		474EC8612C1A06C50090FAC4 /* Defaults */ = {
			isa = PBXGroup;
			children = (
				474EC8622C1A06C50090FAC4 /* DefaultsService.swift */,
			);
			path = Defaults;
			sourceTree = "<group>";
		};
		474EC8632C1A06C50090FAC4 /* FileManager */ = {
			isa = PBXGroup;
			children = (
				474EC8642C1A06C50090FAC4 /* FileManagerService.swift */,
			);
			path = FileManager;
			sourceTree = "<group>";
		};
		474EC8692C1A08780090FAC4 /* Onboarding */ = {
			isa = PBXGroup;
			children = (
				474EC8702C1A0AFE0090FAC4 /* OnboardingView */,
				474EC8712C1A0B070090FAC4 /* OnboardingViewTabView */,
			);
			path = Onboarding;
			sourceTree = "<group>";
		};
		474EC8702C1A0AFE0090FAC4 /* OnboardingView */ = {
			isa = PBXGroup;
			children = (
				474EC86A2C1A08B80090FAC4 /* OnboardingView.swift */,
				474EC86C2C1A08C00090FAC4 /* OnboardingViewModel.swift */,
			);
			path = OnboardingView;
			sourceTree = "<group>";
		};
		474EC8712C1A0B070090FAC4 /* OnboardingViewTabView */ = {
			isa = PBXGroup;
			children = (
				474EC86E2C1A0AF50090FAC4 /* OnboardingViewTabView.swift */,
			);
			path = OnboardingViewTabView;
			sourceTree = "<group>";
		};
		474EC8722C1A0DCA0090FAC4 /* Views */ = {
			isa = PBXGroup;
			children = (
				474EC8792C1A11870090FAC4 /* WebView */,
				474EC8782C1A11650090FAC4 /* BlueButton */,
			);
			path = Views;
			sourceTree = "<group>";
		};
		474EC8752C1A0EB30090FAC4 /* Extensions */ = {
			isa = PBXGroup;
			children = (
				474EC8762C1A0EC80090FAC4 /* View+Additions.swift */,
			);
			path = Extensions;
			sourceTree = "<group>";
		};
		474EC8782C1A11650090FAC4 /* BlueButton */ = {
			isa = PBXGroup;
			children = (
				474EC8732C1A0DDC0090FAC4 /* BlueButton.swift */,
			);
			path = BlueButton;
			sourceTree = "<group>";
		};
		474EC8792C1A11870090FAC4 /* WebView */ = {
			isa = PBXGroup;
			children = (
				474EC87A2C1A11870090FAC4 /* SwiftUIViewWebView.swift */,
			);
			path = WebView;
			sourceTree = "<group>";
		};
/* End PBXGroup section */

/* Begin PBXNativeTarget section */
		474EC7E82C175FE40090FAC4 /* Goobeltoin */ = {
			isa = PBXNativeTarget;
			buildConfigurationList = 474EC7FD2C175FE60090FAC4 /* Build configuration list for PBXNativeTarget "Goobeltoin" */;
			buildPhases = (
				474EC7E52C175FE40090FAC4 /* Sources */,
				474EC7E62C175FE40090FAC4 /* Frameworks */,
				474EC7E72C175FE40090FAC4 /* Resources */,
				474EC8392C1764C60090FAC4 /* SwiftGen */,
			);
			buildRules = (
			);
			dependencies = (
			);
			name = Goobeltoin;
			productName = Goobeltoin;
			productReference = 474EC7E92C175FE40090FAC4 /* Goobeltoin.app */;
			productType = "com.apple.product-type.application";
		};
/* End PBXNativeTarget section */

/* Begin PBXProject section */
		474EC7E12C175FE40090FAC4 /* Project object */ = {
			isa = PBXProject;
			attributes = {
				BuildIndependentTargetsInParallel = 1;
				LastSwiftUpdateCheck = 1520;
				LastUpgradeCheck = 1520;
				TargetAttributes = {
					474EC7E82C175FE40090FAC4 = {
						CreatedOnToolsVersion = 15.2;
					};
				};
			};
			buildConfigurationList = 474EC7E42C175FE40090FAC4 /* Build configuration list for PBXProject "Goobeltoin" */;
			compatibilityVersion = "Xcode 14.0";
			developmentRegion = en;
			hasScannedForEncodings = 0;
			knownRegions = (
				en,
				Base,
			);
			mainGroup = 474EC7E02C175FE40090FAC4;
			productRefGroup = 474EC7EA2C175FE40090FAC4 /* Products */;
			projectDirPath = "";
			projectRoot = "";
			targets = (
				474EC7E82C175FE40090FAC4 /* Goobeltoin */,
			);
		};
/* End PBXProject section */

/* Begin PBXResourcesBuildPhase section */
		474EC7E72C175FE40090FAC4 /* Resources */ = {
			isa = PBXResourcesBuildPhase;
			buildActionMask = 2147483647;
			files = (
				474EC81F2C1763E80090FAC4 /* Colors.xcassets in Resources */,
				474EC7F92C175FE60090FAC4 /* LaunchScreen.storyboard in Resources */,
				474EC81D2C1763E80090FAC4 /* Images.xcassets in Resources */,
				474EC82F2C1763E80090FAC4 /* Localizable.strings in Resources */,
				474EC7F62C175FE60090FAC4 /* Assets.xcassets in Resources */,
				474EC8042C1763D40090FAC4 /* swiftgen.yml in Resources */,
			);
			runOnlyForDeploymentPostprocessing = 0;
		};
/* End PBXResourcesBuildPhase section */

/* Begin PBXShellScriptBuildPhase section */
		474EC8392C1764C60090FAC4 /* SwiftGen */ = {
			isa = PBXShellScriptBuildPhase;
			alwaysOutOfDate = 1;
			buildActionMask = 2147483647;
			files = (
			);
			inputFileListPaths = (
			);
			inputPaths = (
			);
			name = SwiftGen;
			outputFileListPaths = (
			);
			outputPaths = (
			);
			runOnlyForDeploymentPostprocessing = 0;
			shellPath = /bin/sh;
			shellScript = "if which swiftgen >/dev/null; then\n  swiftgen config run --config ${PROJECT_DIR}/swiftgen.yml\nelse\n  echo \"warning: SwiftGen not installed, download it from https://github.com/SwiftGen/SwiftGen\"\nfi\n";
		};
/* End PBXShellScriptBuildPhase section */

/* Begin PBXSourcesBuildPhase section */
		474EC7E52C175FE40090FAC4 /* Sources */ = {
			isa = PBXSourcesBuildPhase;
			buildActionMask = 2147483647;
			files = (
				474EC7F12C175FE40090FAC4 /* ViewController.swift in Sources */,
				474EC8682C1A07400090FAC4 /* ContentViewModel.swift in Sources */,
				474EC82E2C1763E80090FAC4 /* Strings.generated.swift in Sources */,
				474EC83D2C176B470090FAC4 /* PreloaderView.swift in Sources */,
				474EC7ED2C175FE40090FAC4 /* AppDelegate.swift in Sources */,
				474EC8252C1763E80090FAC4 /* Fonts.generated.swift in Sources */,
				474EC86F2C1A0AF50090FAC4 /* OnboardingViewTabView.swift in Sources */,
				474EC8202C1763E80090FAC4 /* Colors.generated.swift in Sources */,
				474EC8742C1A0DDC0090FAC4 /* BlueButton.swift in Sources */,
				474EA8CE2C1ADD4A00609B5C /* TabBarCustomView.swift in Sources */,
				474EC8652C1A06C50090FAC4 /* DefaultsService.swift in Sources */,
				474EC8022C1760370090FAC4 /* ContentView.swift in Sources */,
				474EC83F2C176B4E0090FAC4 /* PreloaderViewModel.swift in Sources */,
				474EC86D2C1A08C00090FAC4 /* OnboardingViewModel.swift in Sources */,
				474EC7EF2C175FE40090FAC4 /* SceneDelegate.swift in Sources */,
				474EC8772C1A0EC80090FAC4 /* View+Additions.swift in Sources */,
				474EC81E2C1763E80090FAC4 /* Images.generated.swift in Sources */,
				474EC8662C1A06C50090FAC4 /* FileManagerService.swift in Sources */,
				474EC86B2C1A08B80090FAC4 /* OnboardingView.swift in Sources */,
				474EC87B2C1A11870090FAC4 /* SwiftUIViewWebView.swift in Sources */,
				474EA8CC2C1ADD3500609B5C /* TabBarViewModel.swift in Sources */,
				474EA8C82C1ADC6700609B5C /* TabBar.swift in Sources */,
			);
			runOnlyForDeploymentPostprocessing = 0;
		};
/* End PBXSourcesBuildPhase section */

/* Begin PBXVariantGroup section */
		474EC7F72C175FE60090FAC4 /* LaunchScreen.storyboard */ = {
			isa = PBXVariantGroup;
			children = (
				474EC7F82C175FE60090FAC4 /* Base */,
			);
			name = LaunchScreen.storyboard;
			sourceTree = "<group>";
		};
/* End PBXVariantGroup section */

/* Begin XCBuildConfiguration section */
		474EC7FB2C175FE60090FAC4 /* Debug */ = {
			isa = XCBuildConfiguration;
			buildSettings = {
				ALWAYS_SEARCH_USER_PATHS = NO;
				ASSETCATALOG_COMPILER_GENERATE_SWIFT_ASSET_SYMBOL_EXTENSIONS = YES;
				CLANG_ANALYZER_NONNULL = YES;
				CLANG_ANALYZER_NUMBER_OBJECT_CONVERSION = YES_AGGRESSIVE;
				CLANG_CXX_LANGUAGE_STANDARD = "gnu++20";
				CLANG_ENABLE_MODULES = YES;
				CLANG_ENABLE_OBJC_ARC = YES;
				CLANG_ENABLE_OBJC_WEAK = YES;
				CLANG_WARN_BLOCK_CAPTURE_AUTORELEASING = YES;
				CLANG_WARN_BOOL_CONVERSION = YES;
				CLANG_WARN_COMMA = YES;
				CLANG_WARN_CONSTANT_CONVERSION = YES;
				CLANG_WARN_DEPRECATED_OBJC_IMPLEMENTATIONS = YES;
				CLANG_WARN_DIRECT_OBJC_ISA_USAGE = YES_ERROR;
				CLANG_WARN_DOCUMENTATION_COMMENTS = YES;
				CLANG_WARN_EMPTY_BODY = YES;
				CLANG_WARN_ENUM_CONVERSION = YES;
				CLANG_WARN_INFINITE_RECURSION = YES;
				CLANG_WARN_INT_CONVERSION = YES;
				CLANG_WARN_NON_LITERAL_NULL_CONVERSION = YES;
				CLANG_WARN_OBJC_IMPLICIT_RETAIN_SELF = YES;
				CLANG_WARN_OBJC_LITERAL_CONVERSION = YES;
				CLANG_WARN_OBJC_ROOT_CLASS = YES_ERROR;
				CLANG_WARN_QUOTED_INCLUDE_IN_FRAMEWORK_HEADER = YES;
				CLANG_WARN_RANGE_LOOP_ANALYSIS = YES;
				CLANG_WARN_STRICT_PROTOTYPES = YES;
				CLANG_WARN_SUSPICIOUS_MOVE = YES;
				CLANG_WARN_UNGUARDED_AVAILABILITY = YES_AGGRESSIVE;
				CLANG_WARN_UNREACHABLE_CODE = YES;
				CLANG_WARN__DUPLICATE_METHOD_MATCH = YES;
				COPY_PHASE_STRIP = NO;
				DEBUG_INFORMATION_FORMAT = dwarf;
				ENABLE_STRICT_OBJC_MSGSEND = YES;
				ENABLE_TESTABILITY = YES;
				ENABLE_USER_SCRIPT_SANDBOXING = YES;
				GCC_C_LANGUAGE_STANDARD = gnu17;
				GCC_DYNAMIC_NO_PIC = NO;
				GCC_NO_COMMON_BLOCKS = YES;
				GCC_OPTIMIZATION_LEVEL = 0;
				GCC_PREPROCESSOR_DEFINITIONS = (
					"DEBUG=1",
					"$(inherited)",
				);
				GCC_WARN_64_TO_32_BIT_CONVERSION = YES;
				GCC_WARN_ABOUT_RETURN_TYPE = YES_ERROR;
				GCC_WARN_UNDECLARED_SELECTOR = YES;
				GCC_WARN_UNINITIALIZED_AUTOS = YES_AGGRESSIVE;
				GCC_WARN_UNUSED_FUNCTION = YES;
				GCC_WARN_UNUSED_VARIABLE = YES;
				IPHONEOS_DEPLOYMENT_TARGET = 16.0;
				LOCALIZATION_PREFERS_STRING_CATALOGS = YES;
				MTL_ENABLE_DEBUG_INFO = INCLUDE_SOURCE;
				MTL_FAST_MATH = YES;
				ONLY_ACTIVE_ARCH = YES;
				SDKROOT = iphoneos;
				SWIFT_ACTIVE_COMPILATION_CONDITIONS = "DEBUG $(inherited)";
				SWIFT_OPTIMIZATION_LEVEL = "-Onone";
			};
			name = Debug;
		};
		474EC7FC2C175FE60090FAC4 /* Release */ = {
			isa = XCBuildConfiguration;
			buildSettings = {
				ALWAYS_SEARCH_USER_PATHS = NO;
				ASSETCATALOG_COMPILER_GENERATE_SWIFT_ASSET_SYMBOL_EXTENSIONS = YES;
				CLANG_ANALYZER_NONNULL = YES;
				CLANG_ANALYZER_NUMBER_OBJECT_CONVERSION = YES_AGGRESSIVE;
				CLANG_CXX_LANGUAGE_STANDARD = "gnu++20";
				CLANG_ENABLE_MODULES = YES;
				CLANG_ENABLE_OBJC_ARC = YES;
				CLANG_ENABLE_OBJC_WEAK = YES;
				CLANG_WARN_BLOCK_CAPTURE_AUTORELEASING = YES;
				CLANG_WARN_BOOL_CONVERSION = YES;
				CLANG_WARN_COMMA = YES;
				CLANG_WARN_CONSTANT_CONVERSION = YES;
				CLANG_WARN_DEPRECATED_OBJC_IMPLEMENTATIONS = YES;
				CLANG_WARN_DIRECT_OBJC_ISA_USAGE = YES_ERROR;
				CLANG_WARN_DOCUMENTATION_COMMENTS = YES;
				CLANG_WARN_EMPTY_BODY = YES;
				CLANG_WARN_ENUM_CONVERSION = YES;
				CLANG_WARN_INFINITE_RECURSION = YES;
				CLANG_WARN_INT_CONVERSION = YES;
				CLANG_WARN_NON_LITERAL_NULL_CONVERSION = YES;
				CLANG_WARN_OBJC_IMPLICIT_RETAIN_SELF = YES;
				CLANG_WARN_OBJC_LITERAL_CONVERSION = YES;
				CLANG_WARN_OBJC_ROOT_CLASS = YES_ERROR;
				CLANG_WARN_QUOTED_INCLUDE_IN_FRAMEWORK_HEADER = YES;
				CLANG_WARN_RANGE_LOOP_ANALYSIS = YES;
				CLANG_WARN_STRICT_PROTOTYPES = YES;
				CLANG_WARN_SUSPICIOUS_MOVE = YES;
				CLANG_WARN_UNGUARDED_AVAILABILITY = YES_AGGRESSIVE;
				CLANG_WARN_UNREACHABLE_CODE = YES;
				CLANG_WARN__DUPLICATE_METHOD_MATCH = YES;
				COPY_PHASE_STRIP = NO;
				DEBUG_INFORMATION_FORMAT = "dwarf-with-dsym";
				ENABLE_NS_ASSERTIONS = NO;
				ENABLE_STRICT_OBJC_MSGSEND = YES;
				ENABLE_USER_SCRIPT_SANDBOXING = YES;
				GCC_C_LANGUAGE_STANDARD = gnu17;
				GCC_NO_COMMON_BLOCKS = YES;
				GCC_WARN_64_TO_32_BIT_CONVERSION = YES;
				GCC_WARN_ABOUT_RETURN_TYPE = YES_ERROR;
				GCC_WARN_UNDECLARED_SELECTOR = YES;
				GCC_WARN_UNINITIALIZED_AUTOS = YES_AGGRESSIVE;
				GCC_WARN_UNUSED_FUNCTION = YES;
				GCC_WARN_UNUSED_VARIABLE = YES;
				IPHONEOS_DEPLOYMENT_TARGET = 16.0;
				LOCALIZATION_PREFERS_STRING_CATALOGS = YES;
				MTL_ENABLE_DEBUG_INFO = NO;
				MTL_FAST_MATH = YES;
				SDKROOT = iphoneos;
				SWIFT_COMPILATION_MODE = wholemodule;
				VALIDATE_PRODUCT = YES;
			};
			name = Release;
		};
		474EC7FE2C175FE60090FAC4 /* Debug */ = {
			isa = XCBuildConfiguration;
			buildSettings = {
				ASSETCATALOG_COMPILER_APPICON_NAME = AppIcon;
				ASSETCATALOG_COMPILER_GLOBAL_ACCENT_COLOR_NAME = AccentColor;
				CODE_SIGN_STYLE = Automatic;
				CURRENT_PROJECT_VERSION = 1;
				DEVELOPMENT_TEAM = AQV6DH83XK;
				ENABLE_USER_SCRIPT_SANDBOXING = NO;
				GENERATE_INFOPLIST_FILE = YES;
				INFOPLIST_FILE = Goobeltoin/Info.plist;
				INFOPLIST_KEY_UIApplicationSupportsIndirectInputEvents = YES;
				INFOPLIST_KEY_UILaunchStoryboardName = LaunchScreen;
				INFOPLIST_KEY_UISupportedInterfaceOrientations_iPad = "UIInterfaceOrientationPortrait UIInterfaceOrientationPortraitUpsideDown UIInterfaceOrientationLandscapeLeft UIInterfaceOrientationLandscapeRight";
				INFOPLIST_KEY_UISupportedInterfaceOrientations_iPhone = "UIInterfaceOrientationPortrait UIInterfaceOrientationLandscapeLeft UIInterfaceOrientationLandscapeRight";
				LD_RUNPATH_SEARCH_PATHS = (
					"$(inherited)",
					"@executable_path/Frameworks",
				);
				MARKETING_VERSION = 1.0;
				PRODUCT_BUNDLE_IDENTIFIER = com.application.Goobeltoin;
				PRODUCT_NAME = "$(TARGET_NAME)";
				SUPPORTED_PLATFORMS = "iphoneos iphonesimulator";
				SUPPORTS_MACCATALYST = NO;
				SUPPORTS_MAC_DESIGNED_FOR_IPHONE_IPAD = NO;
				SUPPORTS_XR_DESIGNED_FOR_IPHONE_IPAD = NO;
				SWIFT_EMIT_LOC_STRINGS = YES;
				SWIFT_VERSION = 5.0;
				TARGETED_DEVICE_FAMILY = 1;
			};
			name = Debug;
		};
		474EC7FF2C175FE60090FAC4 /* Release */ = {
			isa = XCBuildConfiguration;
			buildSettings = {
				ASSETCATALOG_COMPILER_APPICON_NAME = AppIcon;
				ASSETCATALOG_COMPILER_GLOBAL_ACCENT_COLOR_NAME = AccentColor;
				CODE_SIGN_STYLE = Automatic;
				CURRENT_PROJECT_VERSION = 1;
				DEVELOPMENT_TEAM = AQV6DH83XK;
				ENABLE_USER_SCRIPT_SANDBOXING = NO;
				GENERATE_INFOPLIST_FILE = YES;
				INFOPLIST_FILE = Goobeltoin/Info.plist;
				INFOPLIST_KEY_UIApplicationSupportsIndirectInputEvents = YES;
				INFOPLIST_KEY_UILaunchStoryboardName = LaunchScreen;
				INFOPLIST_KEY_UISupportedInterfaceOrientations_iPad = "UIInterfaceOrientationPortrait UIInterfaceOrientationPortraitUpsideDown UIInterfaceOrientationLandscapeLeft UIInterfaceOrientationLandscapeRight";
				INFOPLIST_KEY_UISupportedInterfaceOrientations_iPhone = "UIInterfaceOrientationPortrait UIInterfaceOrientationLandscapeLeft UIInterfaceOrientationLandscapeRight";
				LD_RUNPATH_SEARCH_PATHS = (
					"$(inherited)",
					"@executable_path/Frameworks",
				);
				MARKETING_VERSION = 1.0;
				PRODUCT_BUNDLE_IDENTIFIER = com.application.Goobeltoin;
				PRODUCT_NAME = "$(TARGET_NAME)";
				SUPPORTED_PLATFORMS = "iphoneos iphonesimulator";
				SUPPORTS_MACCATALYST = NO;
				SUPPORTS_MAC_DESIGNED_FOR_IPHONE_IPAD = NO;
				SUPPORTS_XR_DESIGNED_FOR_IPHONE_IPAD = NO;
				SWIFT_EMIT_LOC_STRINGS = YES;
				SWIFT_VERSION = 5.0;
				TARGETED_DEVICE_FAMILY = 1;
			};
			name = Release;
		};
/* End XCBuildConfiguration section */

/* Begin XCConfigurationList section */
		474EC7E42C175FE40090FAC4 /* Build configuration list for PBXProject "Goobeltoin" */ = {
			isa = XCConfigurationList;
			buildConfigurations = (
				474EC7FB2C175FE60090FAC4 /* Debug */,
				474EC7FC2C175FE60090FAC4 /* Release */,
			);
			defaultConfigurationIsVisible = 0;
			defaultConfigurationName = Release;
		};
		474EC7FD2C175FE60090FAC4 /* Build configuration list for PBXNativeTarget "Goobeltoin" */ = {
			isa = XCConfigurationList;
			buildConfigurations = (
				474EC7FE2C175FE60090FAC4 /* Debug */,
				474EC7FF2C175FE60090FAC4 /* Release */,
			);
			defaultConfigurationIsVisible = 0;
			defaultConfigurationName = Release;
		};
/* End XCConfigurationList section */
	};
	rootObject = 474EC7E12C175FE40090FAC4 /* Project object */;
}
